
Microsoft Visual Studio Solution File, Format Version 12.00
# Visual Studio Version 16
VisualStudioVersion = 16.0.31321.278
MinimumVisualStudioVersion = 10.0.40219.1
Project("{FAE04EC0-301F-11D3-BF4B-00C04F79EFBC}") = "Maze", "Maze\Maze.csproj", "{C6F49439-2DC3-4821-83E0-81015C2BB105}"
EndProject
Project("{FAE04EC0-301F-11D3-BF4B-00C04F79EFBC}") = "Maze.Tests", "Maze.Tests\Maze.Tests.csproj", "{8D27F3A1-D425-453B-BAA7-763D643147B0}"
EndProject
Global
	GlobalSection(SolutionConfigurationPlatforms) = preSolution
		Debug|Any CPU = Debug|Any CPU
		Release|Any CPU = Release|Any CPU
	EndGlobalSection
	GlobalSection(ProjectConfigurationPlatforms) = postSolution
		{C6F49439-2DC3-4821-83E0-81015C2BB105}.Debug|Any CPU.ActiveCfg = Debug|Any CPU
		{C6F49439-2DC3-4821-83E0-81015C2BB105}.Debug|Any CPU.Build.0 = Debug|Any CPU
		{C6F49439-2DC3-4821-83E0-81015C2BB105}.Release|Any CPU.ActiveCfg = Release|Any CPU
		{C6F49439-2DC3-4821-83E0-81015C2BB105}.Release|Any CPU.Build.0 = Release|Any CPU
		{8D27F3A1-D425-453B-BAA7-763D643147B0}.Debug|Any CPU.ActiveCfg = Debug|Any CPU
		{8D27F3A1-D425-453B-BAA7-763D643147B0}.Debug|Any CPU.Build.0 = Debug|Any CPU
		{8D27F3A1-D425-453B-BAA7-763D643147B0}.Release|Any CPU.ActiveCfg = Release|Any CPU
		{8D27F3A1-D425-453B-BAA7-763D643147B0}.Release|Any CPU.Build.0 = Release|Any CPU
	EndGlobalSection
	GlobalSection(SolutionProperties) = preSolution
		HideSolutionNode = FALSE
	EndGlobalSection
	GlobalSection(ExtensibilityGlobals) = postSolution
		SolutionGuid = {0BFDCE29-EEDB-495D-A4C7-691F3956B09B}
	EndGlobalSection
EndGlobal
